// !$*UTF8*$!
{
	archiveVersion = 1;
	classes = {
	};
	objectVersion = 46;
	objects = {

/* Begin PBXBuildFile section */
		7101B18E1F0AA7F6009EA598 /* AppDelegate.swift in Sources */ = {isa = PBXBuildFile; fileRef = 7101B18D1F0AA7F6009EA598 /* AppDelegate.swift */; };
		7101B1901F0AA7F6009EA598 /* ViewController.swift in Sources */ = {isa = PBXBuildFile; fileRef = 7101B18F1F0AA7F6009EA598 /* ViewController.swift */; };
		7101B1931F0AA7F6009EA598 /* Main.storyboard in Resources */ = {isa = PBXBuildFile; fileRef = 7101B1911F0AA7F6009EA598 /* Main.storyboard */; };
		7101B1951F0AA7F6009EA598 /* Assets.xcassets in Resources */ = {isa = PBXBuildFile; fileRef = 7101B1941F0AA7F6009EA598 /* Assets.xcassets */; };
		7101B1981F0AA7F6009EA598 /* LaunchScreen.storyboard in Resources */ = {isa = PBXBuildFile; fileRef = 7101B1961F0AA7F6009EA598 /* LaunchScreen.storyboard */; };
/* End PBXBuildFile section */

/* Begin PBXFileReference section */
		7101B18A1F0AA7F6009EA598 /* SaveTheKittensButNotTheUglyOnes.app */ = {isa = PBXFileReference; explicitFileType = wrapper.application; includeInIndex = 0; path = SaveTheKittensButNotTheUglyOnes.app; sourceTree = BUILT_PRODUCTS_DIR; };
		7101B18D1F0AA7F6009EA598 /* AppDelegate.swift */ = {isa = PBXFileReference; lastKnownFileType = sourcecode.swift; path = AppDelegate.swift; sourceTree = "<group>"; };
		7101B18F1F0AA7F6009EA598 /* ViewController.swift */ = {isa = PBXFileReference; lastKnownFileType = sourcecode.swift; path = ViewController.swift; sourceTree = "<group>"; };
		7101B1921F0AA7F6009EA598 /* Base */ = {isa = PBXFileReference; lastKnownFileType = file.storyboard; name = Base; path = Base.lproj/Main.storyboard; sourceTree = "<group>"; };
		7101B1941F0AA7F6009EA598 /* Assets.xcassets */ = {isa = PBXFileReference; lastKnownFileType = folder.assetcatalog; path = Assets.xcassets; sourceTree = "<group>"; };
		7101B1971F0AA7F6009EA598 /* Base */ = {isa = PBXFileReference; lastKnownFileType = file.storyboard; name = Base; path = Base.lproj/LaunchScreen.storyboard; sourceTree = "<group>"; };
		7101B1991F0AA7F6009EA598 /* Info.plist */ = {isa = PBXFileReference; lastKnownFileType = text.plist.xml; path = Info.plist; sourceTree = "<group>"; };
/* End PBXFileReference section */

/* Begin PBXFrameworksBuildPhase section */
		7101B1871F0AA7F6009EA598 /* Frameworks */ = {
			isa = PBXFrameworksBuildPhase;
			buildActionMask = 2147483647;
			files = (
			);
			runOnlyForDeploymentPostprocessing = 0;
		};
/* End PBXFrameworksBuildPhase section */

/* Begin PBXGroup section */
		7101B1811F0AA7F6009EA598 = {
			isa = PBXGroup;
			children = (
				7101B18C1F0AA7F6009EA598 /* SaveTheKittensButNotTheUglyOnes */,
				7101B18B1F0AA7F6009EA598 /* Products */,
			);
			sourceTree = "<group>";
		};
		7101B18B1F0AA7F6009EA598 /* Products */ = {
			isa = PBXGroup;
			children = (
				7101B18A1F0AA7F6009EA598 /* SaveTheKittensButNotTheUglyOnes.app */,
			);
			name = Products;
			sourceTree = "<group>";
		};
		7101B18C1F0AA7F6009EA598 /* SaveTheKittensButNotTheUglyOnes */ = {
			isa = PBXGroup;
			children = (
				7101B18D1F0AA7F6009EA598 /* AppDelegate.swift */,
				7101B18F1F0AA7F6009EA598 /* ViewController.swift */,
				7101B1911F0AA7F6009EA598 /* Main.storyboard */,
				7101B1941F0AA7F6009EA598 /* Assets.xcassets */,
				7101B1961F0AA7F6009EA598 /* LaunchScreen.storyboard */,
				7101B1991F0AA7F6009EA598 /* Info.plist */,
			);
			path = SaveTheKittensButNotTheUglyOnes;
			sourceTree = "<group>";
		};
/* End PBXGroup section */

/* Begin PBXNativeTarget section */
		7101B1891F0AA7F6009EA598 /* SaveTheKittensButNotTheUglyOnes */ = {
			isa = PBXNativeTarget;
			buildConfigurationList = 7101B19C1F0AA7F6009EA598 /* Build configuration list for PBXNativeTarget "SaveTheKittensButNotTheUglyOnes" */;
			buildPhases = (
				7101B1861F0AA7F6009EA598 /* Sources */,
				7101B1871F0AA7F6009EA598 /* Frameworks */,
				7101B1881F0AA7F6009EA598 /* Resources */,
			);
			buildRules = (
			);
			dependencies = (
			);
			name = SaveTheKittensButNotTheUglyOnes;
			productName = SaveTheKittensButNotTheUglyOnes;
			productReference = 7101B18A1F0AA7F6009EA598 /* SaveTheKittensButNotTheUglyOnes.app */;
			productType = "com.apple.product-type.application";
		};
/* End PBXNativeTarget section */

/* Begin PBXProject section */
		7101B1821F0AA7F6009EA598 /* Project object */ = {
			isa = PBXProject;
			attributes = {
				LastSwiftUpdateCheck = 0830;
				LastUpgradeCheck = 0830;
				ORGANIZATIONNAME = "Konrad Rudnicki";
				TargetAttributes = {
					7101B1891F0AA7F6009EA598 = {
						CreatedOnToolsVersion = 8.3.3;
						DevelopmentTeam = 23PT6F6V8G;
						ProvisioningStyle = Automatic;
					};
				};
			};
			buildConfigurationList = 7101B1851F0AA7F6009EA598 /* Build configuration list for PBXProject "SaveTheKittensButNotTheUglyOnes" */;
			compatibilityVersion = "Xcode 3.2";
			developmentRegion = English;
			hasScannedForEncodings = 0;
			knownRegions = (
				en,
				Base,
			);
			mainGroup = 7101B1811F0AA7F6009EA598;
			productRefGroup = 7101B18B1F0AA7F6009EA598 /* Products */;
			projectDirPath = "";
			projectRoot = "";
			targets = (
				7101B1891F0AA7F6009EA598 /* SaveTheKittensButNotTheUglyOnes */,
			);
		};
/* End PBXProject section */

/* Begin PBXResourcesBuildPhase section */
		7101B1881F0AA7F6009EA598 /* Resources */ = {
			isa = PBXResourcesBuildPhase;
			buildActionMask = 2147483647;
			files = (
				7101B1981F0AA7F6009EA598 /* LaunchScreen.storyboard in Resources */,
				7101B1951F0AA7F6009EA598 /* Assets.xcassets in Resources */,
				7101B1931F0AA7F6009EA598 /* Main.storyboard in Resources */,
			);
			runOnlyForDeploymentPostprocessing = 0;
		};
/* End PBXResourcesBuildPhase section */

/* Begin PBXSourcesBuildPhase section */
		7101B1861F0AA7F6009EA598 /* Sources */ = {
			isa = PBXSourcesBuildPhase;
			buildActionMask = 2147483647;
			files = (
				7101B1901F0AA7F6009EA598 /* ViewController.swift in Sources */,
				7101B18E1F0AA7F6009EA598 /* AppDelegate.swift in Sources */,
			);
			runOnlyForDeploymentPostprocessing = 0;
		};
/* End PBXSourcesBuildPhase section */

/* Begin PBXVariantGroup section */
		7101B1911F0AA7F6009EA598 /* Main.storyboard */ = {
			isa = PBXVariantGroup;
			children = (
				7101B1921F0AA7F6009EA598 /* Base */,
			);
			name = Main.storyboard;
			sourceTree = "<group>";
		};
		7101B1961F0AA7F6009EA598 /* LaunchScreen.storyboard */ = {
			isa = PBXVariantGroup;
			children = (
				7101B1971F0AA7F6009EA598 /* Base */,
			);
			name = LaunchScreen.storyboard;
			sourceTree = "<group>";
		};
/* End PBXVariantGroup section */

/* Begin XCBuildConfiguration section */
		7101B19A1F0AA7F6009EA598 /* Debug */ = {
			isa = XCBuildConfiguration;
			buildSettings = {
				ALWAYS_SEARCH_USER_PATHS = NO;
				CLANG_ANALYZER_NONNULL = YES;
				CLANG_ANALYZER_NUMBER_OBJECT_CONVERSION = YES_AGGRESSIVE;
				CLANG_CXX_LANGUAGE_STANDARD = "gnu++0x";
				CLANG_CXX_LIBRARY = "libc++";
				CLANG_ENABLE_MODULES = YES;
				CLANG_ENABLE_OBJC_ARC = YES;
				CLANG_WARN_BOOL_CONVERSION = YES;
				CLANG_WARN_CONSTANT_CONVERSION = YES;
				CLANG_WARN_DIRECT_OBJC_ISA_USAGE = YES_ERROR;
				CLANG_WARN_DOCUMENTATION_COMMENTS = YES;
				CLANG_WARN_EMPTY_BODY = YES;
				CLANG_WARN_ENUM_CONVERSION = YES;
				CLANG_WARN_INFINITE_RECURSION = YES;
				CLANG_WARN_INT_CONVERSION = YES;
				CLANG_WARN_OBJC_ROOT_CLASS = YES_ERROR;
				CLANG_WARN_SUSPICIOUS_MOVE = YES;
				CLANG_WARN_UNREACHABLE_CODE = YES;
				CLANG_WARN__DUPLICATE_METHOD_MATCH = YES;
				"CODE_SIGN_IDENTITY[sdk=iphoneos*]" = "iPhone Developer";
				COPY_PHASE_STRIP = NO;
				DEBUG_INFORMATION_FORMAT = dwarf;
				ENABLE_STRICT_OBJC_MSGSEND = YES;
				ENABLE_TESTABILITY = YES;
				GCC_C_LANGUAGE_STANDARD = gnu99;
				GCC_DYNAMIC_NO_PIC = NO;
				GCC_NO_COMMON_BLOCKS = YES;
				GCC_OPTIMIZATION_LEVEL = 0;
				GCC_PREPROCESSOR_DEFINITIONS = (
					"DEBUG=1",
					"$(inherited)",
				);
				GCC_WARN_64_TO_32_BIT_CONVERSION = YES;
				GCC_WARN_ABOUT_RETURN_TYPE = YES_ERROR;
				GCC_WARN_UNDECLARED_SELECTOR = YES;
				GCC_WARN_UNINITIALIZED_AUTOS = YES_AGGRESSIVE;
				GCC_WARN_UNUSED_FUNCTION = YES;
				GCC_WARN_UNUSED_VARIABLE = YES;
				IPHONEOS_DEPLOYMENT_TARGET = 10.3;
				MTL_ENABLE_DEBUG_INFO = YES;
				ONLY_ACTIVE_ARCH = YES;
				SDKROOT = iphoneos;
				SWIFT_ACTIVE_COMPILATION_CONDITIONS = DEBUG;
				SWIFT_OPTIMIZATION_LEVEL = "-Onone";
				TARGETED_DEVICE_FAMILY = "1,2";
			};
			name = Debug;
		};
		7101B19B1F0AA7F6009EA598 /* Release */ = {
			isa = XCBuildConfiguration;
			buildSettings = {
				ALWAYS_SEARCH_USER_PATHS = NO;
				CLANG_ANALYZER_NONNULL = YES;
				CLANG_ANALYZER_NUMBER_OBJECT_CONVERSION = YES_AGGRESSIVE;
				CLANG_CXX_LANGUAGE_STANDARD = "gnu++0x";
				CLANG_CXX_LIBRARY = "libc++";
				CLANG_ENABLE_MODULES = YES;
				CLANG_ENABLE_OBJC_ARC = YES;
				CLANG_WARN_BOOL_CONVERSION = YES;
				CLANG_WARN_CONSTANT_CONVERSION = YES;
				CLANG_WARN_DIRECT_OBJC_ISA_USAGE = YES_ERROR;
				CLANG_WARN_DOCUMENTATION_COMMENTS = YES;
				CLANG_WARN_EMPTY_BODY = YES;
				CLANG_WARN_ENUM_CONVERSION = YES;
				CLANG_WARN_INFINITE_RECURSION = YES;
				CLANG_WARN_INT_CONVERSION = YES;
				CLANG_WARN_OBJC_ROOT_CLASS = YES_ERROR;
				CLANG_WARN_SUSPICIOUS_MOVE = YES;
				CLANG_WARN_UNREACHABLE_CODE = YES;
				CLANG_WARN__DUPLICATE_METHOD_MATCH = YES;
				"CODE_SIGN_IDENTITY[sdk=iphoneos*]" = "iPhone Developer";
				COPY_PHASE_STRIP = NO;
				DEBUG_INFORMATION_FORMAT = "dwarf-with-dsym";
				ENABLE_NS_ASSERTIONS = NO;
				ENABLE_STRICT_OBJC_MSGSEND = YES;
				GCC_C_LANGUAGE_STANDARD = gnu99;
				GCC_NO_COMMON_BLOCKS = YES;
				GCC_WARN_64_TO_32_BIT_CONVERSION = YES;
				GCC_WARN_ABOUT_RETURN_TYPE = YES_ERROR;
				GCC_WARN_UNDECLARED_SELECTOR = YES;
				GCC_WARN_UNINITIALIZED_AUTOS = YES_AGGRESSIVE;
				GCC_WARN_UNUSED_FUNCTION = YES;
				GCC_WARN_UNUSED_VARIABLE = YES;
				IPHONEOS_DEPLOYMENT_TARGET = 10.3;
				MTL_ENABLE_DEBUG_INFO = NO;
				SDKROOT = iphoneos;
				SWIFT_OPTIMIZATION_LEVEL = "-Owholemodule";
				TARGETED_DEVICE_FAMILY = "1,2";
				VALIDATE_PRODUCT = YES;
			};
			name = Release;
		};
		7101B19D1F0AA7F6009EA598 /* Debug */ = {
			isa = XCBuildConfiguration;
			buildSettings = {
				ASSETCATALOG_COMPILER_APPICON_NAME = AppIcon;
				DEVELOPMENT_TEAM = 23PT6F6V8G;
				INFOPLIST_FILE = SaveTheKittensButNotTheUglyOnes/Info.plist;
				LD_RUNPATH_SEARCH_PATHS = "$(inherited) @executable_path/Frameworks";
				PRODUCT_BUNDLE_IDENTIFIER = pl.masterprogrammer.konrad.SaveTheKittensButNotTheUglyOnes;
				PRODUCT_NAME = "$(TARGET_NAME)";
				SWIFT_VERSION = 3.0;
			};
			name = Debug;
		};
		7101B19E1F0AA7F6009EA598 /* Release */ = {
			isa = XCBuildConfiguration;
			buildSettings = {
				ASSETCATALOG_COMPILER_APPICON_NAME = AppIcon;
				DEVELOPMENT_TEAM = 23PT6F6V8G;
				INFOPLIST_FILE = SaveTheKittensButNotTheUglyOnes/Info.plist;
				LD_RUNPATH_SEARCH_PATHS = "$(inherited) @executable_path/Frameworks";
				PRODUCT_BUNDLE_IDENTIFIER = pl.masterprogrammer.konrad.SaveTheKittensButNotTheUglyOnes;
				PRODUCT_NAME = "$(TARGET_NAME)";
				SWIFT_VERSION = 3.0;
			};
			name = Release;
		};
/* End XCBuildConfiguration section */

/* Begin XCConfigurationList section */
		7101B1851F0AA7F6009EA598 /* Build configuration list for PBXProject "SaveTheKittensButNotTheUglyOnes" */ = {
			isa = XCConfigurationList;
			buildConfigurations = (
				7101B19A1F0AA7F6009EA598 /* Debug */,
				7101B19B1F0AA7F6009EA598 /* Release */,
			);
			defaultConfigurationIsVisible = 0;
			defaultConfigurationName = Release;
		};
		7101B19C1F0AA7F6009EA598 /* Build configuration list for PBXNativeTarget "SaveTheKittensButNotTheUglyOnes" */ = {
			isa = XCConfigurationList;
			buildConfigurations = (
				7101B19D1F0AA7F6009EA598 /* Debug */,
				7101B19E1F0AA7F6009EA598 /* Release */,
			);
			defaultConfigurationIsVisible = 0;
		};
/* End XCConfigurationList section */
	};
	rootObject = 7101B1821F0AA7F6009EA598 /* Project object */;
}
